
Microsoft Visual Studio Solution File, Format Version 12.00
# Visual Studio Express 2012 for Web
Project("{FAE04EC0-301F-11D3-BF4B-00C04F79EFBC}") = "Core", "Core\Core.csproj", "{06FCD81F-0BF9-490B-8802-2BCE76AF97AA}"
EndProject
Project("{FAE04EC0-301F-11D3-BF4B-00C04F79EFBC}") = "Test", "Test\Test.csproj", "{1F4402ED-3191-4061-BBFC-B1A28D1F277E}"
EndProject
Global
	GlobalSection(SolutionConfigurationPlatforms) = preSolution
		Debug|Any CPU = Debug|Any CPU
		Release|Any CPU = Release|Any CPU
	EndGlobalSection
	GlobalSection(ProjectConfigurationPlatforms) = postSolution
		{06FCD81F-0BF9-490B-8802-2BCE76AF97AA}.Debug|Any CPU.ActiveCfg = Debug|Any CPU
		{06FCD81F-0BF9-490B-8802-2BCE76AF97AA}.Debug|Any CPU.Build.0 = Debug|Any CPU
		{06FCD81F-0BF9-490B-8802-2BCE76AF97AA}.Release|Any CPU.ActiveCfg = Release|Any CPU
		{06FCD81F-0BF9-490B-8802-2BCE76AF97AA}.Release|Any CPU.Build.0 = Release|Any CPU
		{1F4402ED-3191-4061-BBFC-B1A28D1F277E}.Debug|Any CPU.ActiveCfg = Debug|Any CPU
		{1F4402ED-3191-4061-BBFC-B1A28D1F277E}.Debug|Any CPU.Build.0 = Debug|Any CPU
		{1F4402ED-3191-4061-BBFC-B1A28D1F277E}.Release|Any CPU.ActiveCfg = Release|Any CPU
		{1F4402ED-3191-4061-BBFC-B1A28D1F277E}.Release|Any CPU.Build.0 = Release|Any CPU
	EndGlobalSection
	GlobalSection(SolutionProperties) = preSolution
		HideSolutionNode = FALSE
	EndGlobalSection
EndGlobal
